
Microsoft Visual Studio Solution File, Format Version 12.00
# Visual Studio Version 17
VisualStudioVersion = 17.5.002.0
MinimumVisualStudioVersion = 10.0.40219.1
Project("{2150E333-8FDC-42A3-9474-1A3956D46DE8}") = "csharp-prep", "csharp-prep", "{F4C4D746-91D4-44F6-A0AD-A76885A9DFF0}"
EndProject
Project("{9A19103F-16F7-4668-BE54-9A1E7A4F7556}") = "Prep1", "csharp-prep\Prep1\Prep1.csproj", "{EE862323-9D20-4590-846F-DBA809440F42}"
EndProject
Project("{9A19103F-16F7-4668-BE54-9A1E7A4F7556}") = "Prep2", "csharp-prep\Prep2\Prep2.csproj", "{4EA52A00-2979-4CE3-A435-4490CF6AECD8}"
EndProject
Project("{9A19103F-16F7-4668-BE54-9A1E7A4F7556}") = "Prep3", "csharp-prep\Prep3\Prep3.csproj", "{F8EBB440-3170-4CAC-B6A6-90152A027E50}"
EndProject
Project("{9A19103F-16F7-4668-BE54-9A1E7A4F7556}") = "Prep4", "csharp-prep\Prep4\Prep4.csproj", "{4C88D0B8-B585-41DB-A647-87607C208B4B}"
EndProject
Project("{9A19103F-16F7-4668-BE54-9A1E7A4F7556}") = "Prep5", "csharp-prep\Prep5\Prep5.csproj", "{8E7A2FDE-4B01-49E3-81B6-B0411B1793B3}"
EndProject
Project("{2150E333-8FDC-42A3-9474-1A3956D46DE8}") = "final", "final", "{4F0DF356-D917-4626-9EDE-7E7A4DD617F7}"
EndProject
Project("{9A19103F-16F7-4668-BE54-9A1E7A4F7556}") = "FinalProject", "final\FinalProject\FinalProject.csproj", "{0C521B62-A849-4AF7-8DEF-7529E16292F7}"
EndProject
Project("{9A19103F-16F7-4668-BE54-9A1E7A4F7556}") = "Foundation1", "final\Foundation1\Foundation1.csproj", "{BD3AD900-FDC6-40AD-84DE-758356E82F81}"
EndProject
Project("{9A19103F-16F7-4668-BE54-9A1E7A4F7556}") = "Foundation2", "final\Foundation2\Foundation2.csproj", "{FB8AA644-2EA8-47B6-A5A2-C80F9D7C13C9}"
EndProject
Project("{9A19103F-16F7-4668-BE54-9A1E7A4F7556}") = "Foundation3", "final\Foundation3\Foundation3.csproj", "{38E12E1B-AD65-43A3-8DAF-B84C0631077A}"
EndProject
Project("{9A19103F-16F7-4668-BE54-9A1E7A4F7556}") = "Foundation4", "final\Foundation4\Foundation4.csproj", "{37BE3427-58DB-4812-934F-ABD855D3F0D6}"
EndProject
Project("{2150E333-8FDC-42A3-9474-1A3956D46DE8}") = "prepare", "prepare", "{244E2BB4-0116-4225-AA15-1C9E0F30CB63}"
EndProject
Project("{9A19103F-16F7-4668-BE54-9A1E7A4F7556}") = "Learning02", "prepare\Learning02\Learning02.csproj", "{C66104A1-C751-4AF9-B2CD-4205A0D8D1C9}"
EndProject
Project("{9A19103F-16F7-4668-BE54-9A1E7A4F7556}") = "Learning03", "prepare\Learning03\Learning03.csproj", "{37155B8A-7344-49C4-AF24-DD83B832DB83}"
EndProject
Project("{9A19103F-16F7-4668-BE54-9A1E7A4F7556}") = "Learning04", "prepare\Learning04\Learning04.csproj", "{C630DE86-776C-4960-9359-3714F94140A5}"
EndProject
Project("{9A19103F-16F7-4668-BE54-9A1E7A4F7556}") = "Learning05", "prepare\Learning05\Learning05.csproj", "{2E40D737-7E93-4CC0-B3EB-1C636AD3816A}"
EndProject
Project("{2150E333-8FDC-42A3-9474-1A3956D46DE8}") = "prove", "prove", "{F5429779-B29E-4DA2-AB2C-73523704076D}"
EndProject
Project("{9A19103F-16F7-4668-BE54-9A1E7A4F7556}") = "Develop02", "prove\Develop02\Develop02.csproj", "{A2D1F42E-6658-47C6-A572-F4EE42661E9A}"
EndProject
Project("{9A19103F-16F7-4668-BE54-9A1E7A4F7556}") = "Develop03", "prove\Develop03\Develop03.csproj", "{8D2E941B-EB9B-46A9-B211-B20F92130FC7}"
EndProject
Project("{9A19103F-16F7-4668-BE54-9A1E7A4F7556}") = "Develop04", "prove\Develop04\Develop04.csproj", "{6F5633E7-3899-483A-8E8E-EBC2DCAFD1CD}"
EndProject
Project("{9A19103F-16F7-4668-BE54-9A1E7A4F7556}") = "Develop05", "prove\Develop05\Develop05.csproj", "{F551D8DD-1DF7-455C-9740-1832B99809A7}"
EndProject
Project("{2150E333-8FDC-42A3-9474-1A3956D46DE8}") = "sandbox", "sandbox", "{4F475FF3-1BEF-481B-9AF5-F5EEC958FA9A}"
EndProject
Project("{9A19103F-16F7-4668-BE54-9A1E7A4F7556}") = "Sandbox", "sandbox\Sandbox\Sandbox.csproj", "{0E587A97-E446-470A-B524-0A9B2D850D8A}"
EndProject
Global
	GlobalSection(SolutionConfigurationPlatforms) = preSolution
		Debug|Any CPU = Debug|Any CPU
		Release|Any CPU = Release|Any CPU
	EndGlobalSection
	GlobalSection(ProjectConfigurationPlatforms) = postSolution
		{EE862323-9D20-4590-846F-DBA809440F42}.Debug|Any CPU.ActiveCfg = Debug|Any CPU
		{EE862323-9D20-4590-846F-DBA809440F42}.Debug|Any CPU.Build.0 = Debug|Any CPU
		{EE862323-9D20-4590-846F-DBA809440F42}.Release|Any CPU.ActiveCfg = Release|Any CPU
		{EE862323-9D20-4590-846F-DBA809440F42}.Release|Any CPU.Build.0 = Release|Any CPU
		{4EA52A00-2979-4CE3-A435-4490CF6AECD8}.Debug|Any CPU.ActiveCfg = Debug|Any CPU
		{4EA52A00-2979-4CE3-A435-4490CF6AECD8}.Debug|Any CPU.Build.0 = Debug|Any CPU
		{4EA52A00-2979-4CE3-A435-4490CF6AECD8}.Release|Any CPU.ActiveCfg = Release|Any CPU
		{4EA52A00-2979-4CE3-A435-4490CF6AECD8}.Release|Any CPU.Build.0 = Release|Any CPU
		{F8EBB440-3170-4CAC-B6A6-90152A027E50}.Debug|Any CPU.ActiveCfg = Debug|Any CPU
		{F8EBB440-3170-4CAC-B6A6-90152A027E50}.Debug|Any CPU.Build.0 = Debug|Any CPU
		{F8EBB440-3170-4CAC-B6A6-90152A027E50}.Release|Any CPU.ActiveCfg = Release|Any CPU
		{F8EBB440-3170-4CAC-B6A6-90152A027E50}.Release|Any CPU.Build.0 = Release|Any CPU
		{4C88D0B8-B585-41DB-A647-87607C208B4B}.Debug|Any CPU.ActiveCfg = Debug|Any CPU
		{4C88D0B8-B585-41DB-A647-87607C208B4B}.Debug|Any CPU.Build.0 = Debug|Any CPU
		{4C88D0B8-B585-41DB-A647-87607C208B4B}.Release|Any CPU.ActiveCfg = Release|Any CPU
		{4C88D0B8-B585-41DB-A647-87607C208B4B}.Release|Any CPU.Build.0 = Release|Any CPU
		{8E7A2FDE-4B01-49E3-81B6-B0411B1793B3}.Debug|Any CPU.ActiveCfg = Debug|Any CPU
		{8E7A2FDE-4B01-49E3-81B6-B0411B1793B3}.Debug|Any CPU.Build.0 = Debug|Any CPU
		{8E7A2FDE-4B01-49E3-81B6-B0411B1793B3}.Release|Any CPU.ActiveCfg = Release|Any CPU
		{8E7A2FDE-4B01-49E3-81B6-B0411B1793B3}.Release|Any CPU.Build.0 = Release|Any CPU
		{0C521B62-A849-4AF7-8DEF-7529E16292F7}.Debug|Any CPU.ActiveCfg = Debug|Any CPU
		{0C521B62-A849-4AF7-8DEF-7529E16292F7}.Debug|Any CPU.Build.0 = Debug|Any CPU
		{0C521B62-A849-4AF7-8DEF-7529E16292F7}.Release|Any CPU.ActiveCfg = Release|Any CPU
		{0C521B62-A849-4AF7-8DEF-7529E16292F7}.Release|Any CPU.Build.0 = Release|Any CPU
		{BD3AD900-FDC6-40AD-84DE-758356E82F81}.Debug|Any CPU.ActiveCfg = Debug|Any CPU
		{BD3AD900-FDC6-40AD-84DE-758356E82F81}.Debug|Any CPU.Build.0 = Debug|Any CPU
		{BD3AD900-FDC6-40AD-84DE-758356E82F81}.Release|Any CPU.ActiveCfg = Release|Any CPU
		{BD3AD900-FDC6-40AD-84DE-758356E82F81}.Release|Any CPU.Build.0 = Release|Any CPU
		{FB8AA644-2EA8-47B6-A5A2-C80F9D7C13C9}.Debug|Any CPU.ActiveCfg = Debug|Any CPU
		{FB8AA644-2EA8-47B6-A5A2-C80F9D7C13C9}.Debug|Any CPU.Build.0 = Debug|Any CPU
		{FB8AA644-2EA8-47B6-A5A2-C80F9D7C13C9}.Release|Any CPU.ActiveCfg = Release|Any CPU
		{FB8AA644-2EA8-47B6-A5A2-C80F9D7C13C9}.Release|Any CPU.Build.0 = Release|Any CPU
		{38E12E1B-AD65-43A3-8DAF-B84C0631077A}.Debug|Any CPU.ActiveCfg = Debug|Any CPU
		{38E12E1B-AD65-43A3-8DAF-B84C0631077A}.Debug|Any CPU.Build.0 = Debug|Any CPU
		{38E12E1B-AD65-43A3-8DAF-B84C0631077A}.Release|Any CPU.ActiveCfg = Release|Any CPU
		{38E12E1B-AD65-43A3-8DAF-B84C0631077A}.Release|Any CPU.Build.0 = Release|Any CPU
		{37BE3427-58DB-4812-934F-ABD855D3F0D6}.Debug|Any CPU.ActiveCfg = Debug|Any CPU
		{37BE3427-58DB-4812-934F-ABD855D3F0D6}.Debug|Any CPU.Build.0 = Debug|Any CPU
		{37BE3427-58DB-4812-934F-ABD855D3F0D6}.Release|Any CPU.ActiveCfg = Release|Any CPU
		{37BE3427-58DB-4812-934F-ABD855D3F0D6}.Release|Any CPU.Build.0 = Release|Any CPU
		{C66104A1-C751-4AF9-B2CD-4205A0D8D1C9}.Debug|Any CPU.ActiveCfg = Debug|Any CPU
		{C66104A1-C751-4AF9-B2CD-4205A0D8D1C9}.Debug|Any CPU.Build.0 = Debug|Any CPU
		{C66104A1-C751-4AF9-B2CD-4205A0D8D1C9}.Release|Any CPU.ActiveCfg = Release|Any CPU
		{C66104A1-C751-4AF9-B2CD-4205A0D8D1C9}.Release|Any CPU.Build.0 = Release|Any CPU
		{37155B8A-7344-49C4-AF24-DD83B832DB83}.Debug|Any CPU.ActiveCfg = Debug|Any CPU
		{37155B8A-7344-49C4-AF24-DD83B832DB83}.Debug|Any CPU.Build.0 = Debug|Any CPU
		{37155B8A-7344-49C4-AF24-DD83B832DB83}.Release|Any CPU.ActiveCfg = Release|Any CPU
		{37155B8A-7344-49C4-AF24-DD83B832DB83}.Release|Any CPU.Build.0 = Release|Any CPU
		{C630DE86-776C-4960-9359-3714F94140A5}.Debug|Any CPU.ActiveCfg = Debug|Any CPU
		{C630DE86-776C-4960-9359-3714F94140A5}.Debug|Any CPU.Build.0 = Debug|Any CPU
		{C630DE86-776C-4960-9359-3714F94140A5}.Release|Any CPU.ActiveCfg = Release|Any CPU
		{C630DE86-776C-4960-9359-3714F94140A5}.Release|Any CPU.Build.0 = Release|Any CPU
		{2E40D737-7E93-4CC0-B3EB-1C636AD3816A}.Debug|Any CPU.ActiveCfg = Debug|Any CPU
		{2E40D737-7E93-4CC0-B3EB-1C636AD3816A}.Debug|Any CPU.Build.0 = Debug|Any CPU
		{2E40D737-7E93-4CC0-B3EB-1C636AD3816A}.Release|Any CPU.ActiveCfg = Release|Any CPU
		{2E40D737-7E93-4CC0-B3EB-1C636AD3816A}.Release|Any CPU.Build.0 = Release|Any CPU
		{A2D1F42E-6658-47C6-A572-F4EE42661E9A}.Debug|Any CPU.ActiveCfg = Debug|Any CPU
		{A2D1F42E-6658-47C6-A572-F4EE42661E9A}.Debug|Any CPU.Build.0 = Debug|Any CPU
		{A2D1F42E-6658-47C6-A572-F4EE42661E9A}.Release|Any CPU.ActiveCfg = Release|Any CPU
		{A2D1F42E-6658-47C6-A572-F4EE42661E9A}.Release|Any CPU.Build.0 = Release|Any CPU
		{8D2E941B-EB9B-46A9-B211-B20F92130FC7}.Debug|Any CPU.ActiveCfg = Debug|Any CPU
		{8D2E941B-EB9B-46A9-B211-B20F92130FC7}.Debug|Any CPU.Build.0 = Debug|Any CPU
		{8D2E941B-EB9B-46A9-B211-B20F92130FC7}.Release|Any CPU.ActiveCfg = Release|Any CPU
		{8D2E941B-EB9B-46A9-B211-B20F92130FC7}.Release|Any CPU.Build.0 = Release|Any CPU
		{6F5633E7-3899-483A-8E8E-EBC2DCAFD1CD}.Debug|Any CPU.ActiveCfg = Debug|Any CPU
		{6F5633E7-3899-483A-8E8E-EBC2DCAFD1CD}.Debug|Any CPU.Build.0 = Debug|Any CPU
		{6F5633E7-3899-483A-8E8E-EBC2DCAFD1CD}.Release|Any CPU.ActiveCfg = Release|Any CPU
		{6F5633E7-3899-483A-8E8E-EBC2DCAFD1CD}.Release|Any CPU.Build.0 = Release|Any CPU
		{F551D8DD-1DF7-455C-9740-1832B99809A7}.Debug|Any CPU.ActiveCfg = Debug|Any CPU
		{F551D8DD-1DF7-455C-9740-1832B99809A7}.Debug|Any CPU.Build.0 = Debug|Any CPU
		{F551D8DD-1DF7-455C-9740-1832B99809A7}.Release|Any CPU.ActiveCfg = Release|Any CPU
		{F551D8DD-1DF7-455C-9740-1832B99809A7}.Release|Any CPU.Build.0 = Release|Any CPU
		{0E587A97-E446-470A-B524-0A9B2D850D8A}.Debug|Any CPU.ActiveCfg = Debug|Any CPU
		{0E587A97-E446-470A-B524-0A9B2D850D8A}.Debug|Any CPU.Build.0 = Debug|Any CPU
		{0E587A97-E446-470A-B524-0A9B2D850D8A}.Release|Any CPU.ActiveCfg = Release|Any CPU
		{0E587A97-E446-470A-B524-0A9B2D850D8A}.Release|Any CPU.Build.0 = Release|Any CPU
	EndGlobalSection
	GlobalSection(SolutionProperties) = preSolution
		HideSolutionNode = FALSE
	EndGlobalSection
	GlobalSection(NestedProjects) = preSolution
		{EE862323-9D20-4590-846F-DBA809440F42} = {F4C4D746-91D4-44F6-A0AD-A76885A9DFF0}
		{4EA52A00-2979-4CE3-A435-4490CF6AECD8} = {F4C4D746-91D4-44F6-A0AD-A76885A9DFF0}
		{F8EBB440-3170-4CAC-B6A6-90152A027E50} = {F4C4D746-91D4-44F6-A0AD-A76885A9DFF0}
		{4C88D0B8-B585-41DB-A647-87607C208B4B} = {F4C4D746-91D4-44F6-A0AD-A76885A9DFF0}
		{8E7A2FDE-4B01-49E3-81B6-B0411B1793B3} = {F4C4D746-91D4-44F6-A0AD-A76885A9DFF0}
		{0C521B62-A849-4AF7-8DEF-7529E16292F7} = {4F0DF356-D917-4626-9EDE-7E7A4DD617F7}
		{BD3AD900-FDC6-40AD-84DE-758356E82F81} = {4F0DF356-D917-4626-9EDE-7E7A4DD617F7}
		{FB8AA644-2EA8-47B6-A5A2-C80F9D7C13C9} = {4F0DF356-D917-4626-9EDE-7E7A4DD617F7}
		{38E12E1B-AD65-43A3-8DAF-B84C0631077A} = {4F0DF356-D917-4626-9EDE-7E7A4DD617F7}
		{37BE3427-58DB-4812-934F-ABD855D3F0D6} = {4F0DF356-D917-4626-9EDE-7E7A4DD617F7}
		{C66104A1-C751-4AF9-B2CD-4205A0D8D1C9} = {244E2BB4-0116-4225-AA15-1C9E0F30CB63}
		{37155B8A-7344-49C4-AF24-DD83B832DB83} = {244E2BB4-0116-4225-AA15-1C9E0F30CB63}
		{C630DE86-776C-4960-9359-3714F94140A5} = {244E2BB4-0116-4225-AA15-1C9E0F30CB63}
		{2E40D737-7E93-4CC0-B3EB-1C636AD3816A} = {244E2BB4-0116-4225-AA15-1C9E0F30CB63}
		{A2D1F42E-6658-47C6-A572-F4EE42661E9A} = {F5429779-B29E-4DA2-AB2C-73523704076D}
		{8D2E941B-EB9B-46A9-B211-B20F92130FC7} = {F5429779-B29E-4DA2-AB2C-73523704076D}
		{6F5633E7-3899-483A-8E8E-EBC2DCAFD1CD} = {F5429779-B29E-4DA2-AB2C-73523704076D}
		{F551D8DD-1DF7-455C-9740-1832B99809A7} = {F5429779-B29E-4DA2-AB2C-73523704076D}
		{0E587A97-E446-470A-B524-0A9B2D850D8A} = {4F475FF3-1BEF-481B-9AF5-F5EEC958FA9A}
	EndGlobalSection
	GlobalSection(ExtensibilityGlobals) = postSolution
		SolutionGuid = {C05E4968-0993-4CF4-B570-EBF0EE8CC93E}
	EndGlobalSection
EndGlobal
